
Microsoft Visual Studio Solution File, Format Version 12.00
# Visual Studio Version 17
VisualStudioVersion = 17.13.35919.96 d17.13
MinimumVisualStudioVersion = 10.0.40219.1
Project("{FAE04EC0-301F-11D3-BF4B-00C04F79EFBC}") = "Entities", "Entities\Entities.csproj", "{49FF5DFD-9932-479A-B411-BA42B56CAEE7}"
EndProject
Project("{FAE04EC0-301F-11D3-BF4B-00C04F79EFBC}") = "DataAccess", "DataAccess\DataAccess.csproj", "{B24DAE0D-2F15-4CFB-BB7D-C7EF04136972}"
EndProject
Project("{FAE04EC0-301F-11D3-BF4B-00C04F79EFBC}") = "Business", "Business\Business.csproj", "{FFFA7B9A-975D-4250-8DC4-B6D793078D03}"
EndProject
Project("{FAE04EC0-301F-11D3-BF4B-00C04F79EFBC}") = "Core", "Core\Core.csproj", "{F8BD6807-DF33-4896-B588-167001027424}"
EndProject
Project("{FAE04EC0-301F-11D3-BF4B-00C04F79EFBC}") = "WebAPI", "WebAPI\WebAPI.csproj", "{338971D1-0ED7-4D51-BCD6-6CB7312E5285}"
EndProject
Global
	GlobalSection(SolutionConfigurationPlatforms) = preSolution
		Debug|Any CPU = Debug|Any CPU
		Release|Any CPU = Release|Any CPU
	EndGlobalSection
	GlobalSection(ProjectConfigurationPlatforms) = postSolution
		{49FF5DFD-9932-479A-B411-BA42B56CAEE7}.Debug|Any CPU.ActiveCfg = Debug|Any CPU
		{49FF5DFD-9932-479A-B411-BA42B56CAEE7}.Debug|Any CPU.Build.0 = Debug|Any CPU
		{49FF5DFD-9932-479A-B411-BA42B56CAEE7}.Release|Any CPU.ActiveCfg = Release|Any CPU
		{49FF5DFD-9932-479A-B411-BA42B56CAEE7}.Release|Any CPU.Build.0 = Release|Any CPU
		{B24DAE0D-2F15-4CFB-BB7D-C7EF04136972}.Debug|Any CPU.ActiveCfg = Debug|Any CPU
		{B24DAE0D-2F15-4CFB-BB7D-C7EF04136972}.Debug|Any CPU.Build.0 = Debug|Any CPU
		{B24DAE0D-2F15-4CFB-BB7D-C7EF04136972}.Release|Any CPU.ActiveCfg = Release|Any CPU
		{B24DAE0D-2F15-4CFB-BB7D-C7EF04136972}.Release|Any CPU.Build.0 = Release|Any CPU
		{FFFA7B9A-975D-4250-8DC4-B6D793078D03}.Debug|Any CPU.ActiveCfg = Debug|Any CPU
		{FFFA7B9A-975D-4250-8DC4-B6D793078D03}.Debug|Any CPU.Build.0 = Debug|Any CPU
		{FFFA7B9A-975D-4250-8DC4-B6D793078D03}.Release|Any CPU.ActiveCfg = Release|Any CPU
		{FFFA7B9A-975D-4250-8DC4-B6D793078D03}.Release|Any CPU.Build.0 = Release|Any CPU
		{F8BD6807-DF33-4896-B588-167001027424}.Debug|Any CPU.ActiveCfg = Debug|Any CPU
		{F8BD6807-DF33-4896-B588-167001027424}.Debug|Any CPU.Build.0 = Debug|Any CPU
		{F8BD6807-DF33-4896-B588-167001027424}.Release|Any CPU.ActiveCfg = Release|Any CPU
		{F8BD6807-DF33-4896-B588-167001027424}.Release|Any CPU.Build.0 = Release|Any CPU
		{338971D1-0ED7-4D51-BCD6-6CB7312E5285}.Debug|Any CPU.ActiveCfg = Debug|Any CPU
		{338971D1-0ED7-4D51-BCD6-6CB7312E5285}.Debug|Any CPU.Build.0 = Debug|Any CPU
		{338971D1-0ED7-4D51-BCD6-6CB7312E5285}.Release|Any CPU.ActiveCfg = Release|Any CPU
		{338971D1-0ED7-4D51-BCD6-6CB7312E5285}.Release|Any CPU.Build.0 = Release|Any CPU
	EndGlobalSection
	GlobalSection(SolutionProperties) = preSolution
		HideSolutionNode = FALSE
	EndGlobalSection
	GlobalSection(ExtensibilityGlobals) = postSolution
		SolutionGuid = {903E16F6-0ADA-4BD2-820C-C362B2F9931D}
	EndGlobalSection
EndGlobal
